
Microsoft Visual Studio Solution File, Format Version 12.00
# Visual Studio Version 16
VisualStudioVersion = 16.0.31205.134
MinimumVisualStudioVersion = 10.0.40219.1
Project("{FAE04EC0-301F-11D3-BF4B-00C04F79EFBC}") = "AuthenticationService", "AuthenticationService\AuthenticationService.csproj", "{FCF0A835-F8EF-41BA-888B-960E180A2393}"
EndProject
Project("{FAE04EC0-301F-11D3-BF4B-00C04F79EFBC}") = "AuthenticationServiceUnitTests", "AuthenticationServiceUnitTests\AuthenticationServiceUnitTests.csproj", "{F840AF20-DF94-4311-B582-61E2629EB8FC}"
EndProject
Global
	GlobalSection(SolutionConfigurationPlatforms) = preSolution
		Debug|Any CPU = Debug|Any CPU
		Release|Any CPU = Release|Any CPU
	EndGlobalSection
	GlobalSection(ProjectConfigurationPlatforms) = postSolution
		{FCF0A835-F8EF-41BA-888B-960E180A2393}.Debug|Any CPU.ActiveCfg = Debug|Any CPU
		{FCF0A835-F8EF-41BA-888B-960E180A2393}.Debug|Any CPU.Build.0 = Debug|Any CPU
		{FCF0A835-F8EF-41BA-888B-960E180A2393}.Release|Any CPU.ActiveCfg = Release|Any CPU
		{FCF0A835-F8EF-41BA-888B-960E180A2393}.Release|Any CPU.Build.0 = Release|Any CPU
		{F840AF20-DF94-4311-B582-61E2629EB8FC}.Debug|Any CPU.ActiveCfg = Debug|Any CPU
		{F840AF20-DF94-4311-B582-61E2629EB8FC}.Debug|Any CPU.Build.0 = Debug|Any CPU
		{F840AF20-DF94-4311-B582-61E2629EB8FC}.Release|Any CPU.ActiveCfg = Release|Any CPU
		{F840AF20-DF94-4311-B582-61E2629EB8FC}.Release|Any CPU.Build.0 = Release|Any CPU
	EndGlobalSection
	GlobalSection(SolutionProperties) = preSolution
		HideSolutionNode = FALSE
	EndGlobalSection
	GlobalSection(ExtensibilityGlobals) = postSolution
		SolutionGuid = {B5D6C4A4-A623-422E-8DD2-01DDCB7CA6BA}
	EndGlobalSection
EndGlobal
